
Microsoft Visual Studio Solution File, Format Version 12.00
# Visual Studio Version 17
VisualStudioVersion = 17.4.33205.214
MinimumVisualStudioVersion = 10.0.40219.1
Project("{FAE04EC0-301F-11D3-BF4B-00C04F79EFBC}") = "MachineProblem1", "MachineProblem1\MachineProblem1.csproj", "{B7F78BFA-A0C8-4906-9118-4798C817F293}"
EndProject
Global
	GlobalSection(SolutionConfigurationPlatforms) = preSolution
		Debug|Any CPU = Debug|Any CPU
		Release|Any CPU = Release|Any CPU
	EndGlobalSection
	GlobalSection(ProjectConfigurationPlatforms) = postSolution
		{B7F78BFA-A0C8-4906-9118-4798C817F293}.Debug|Any CPU.ActiveCfg = Debug|Any CPU
		{B7F78BFA-A0C8-4906-9118-4798C817F293}.Debug|Any CPU.Build.0 = Debug|Any CPU
		{B7F78BFA-A0C8-4906-9118-4798C817F293}.Release|Any CPU.ActiveCfg = Release|Any CPU
		{B7F78BFA-A0C8-4906-9118-4798C817F293}.Release|Any CPU.Build.0 = Release|Any CPU
	EndGlobalSection
	GlobalSection(SolutionProperties) = preSolution
		HideSolutionNode = FALSE
	EndGlobalSection
	GlobalSection(ExtensibilityGlobals) = postSolution
		SolutionGuid = {E9D1BB74-D5E0-4250-98D9-5D8DE56238C6}
	EndGlobalSection
EndGlobal
